
Microsoft Visual Studio Solution File, Format Version 12.00
# Visual Studio 15
VisualStudioVersion = 15.0.28010.2050
MinimumVisualStudioVersion = 10.0.40219.1
Project("{FAE04EC0-301F-11D3-BF4B-00C04F79EFBC}") = "WebApplication3", "WebApplication3\WebApplication3.csproj", "{B9C31F6A-49D5-4DB9-9676-21945665F519}"
EndProject
Global
	GlobalSection(SolutionConfigurationPlatforms) = preSolution
		Debug|Any CPU = Debug|Any CPU
		Release|Any CPU = Release|Any CPU
	EndGlobalSection
	GlobalSection(ProjectConfigurationPlatforms) = postSolution
		{B9C31F6A-49D5-4DB9-9676-21945665F519}.Debug|Any CPU.ActiveCfg = Debug|Any CPU
		{B9C31F6A-49D5-4DB9-9676-21945665F519}.Debug|Any CPU.Build.0 = Debug|Any CPU
		{B9C31F6A-49D5-4DB9-9676-21945665F519}.Release|Any CPU.ActiveCfg = Release|Any CPU
		{B9C31F6A-49D5-4DB9-9676-21945665F519}.Release|Any CPU.Build.0 = Release|Any CPU
	EndGlobalSection
	GlobalSection(SolutionProperties) = preSolution
		HideSolutionNode = FALSE
	EndGlobalSection
	GlobalSection(ExtensibilityGlobals) = postSolution
		SolutionGuid = {6B49A5F7-B666-45CD-9FBE-D889EAC85BCE}
	EndGlobalSection
EndGlobal
